
Microsoft Visual Studio Solution File, Format Version 12.00
# Visual Studio Version 17
VisualStudioVersion = 17.6.33801.468
MinimumVisualStudioVersion = 10.0.40219.1
Project("{FAE04EC0-301F-11D3-BF4B-00C04F79EFBC}") = "Greeter", "Greeter\Greeter.csproj", "{2C21F0BB-90C6-4DB2-905D-0179F524F496}"
EndProject
Project("{FAE04EC0-301F-11D3-BF4B-00C04F79EFBC}") = "Greeter.UnitTests", "Greeter.UnitTests\Greeter.UnitTests.csproj", "{CDFAB697-063B-4112-8FDE-345BAD8F8393}"
EndProject
Global
	GlobalSection(SolutionConfigurationPlatforms) = preSolution
		Debug|Any CPU = Debug|Any CPU
		Release|Any CPU = Release|Any CPU
	EndGlobalSection
	GlobalSection(ProjectConfigurationPlatforms) = postSolution
		{2C21F0BB-90C6-4DB2-905D-0179F524F496}.Debug|Any CPU.ActiveCfg = Debug|Any CPU
		{2C21F0BB-90C6-4DB2-905D-0179F524F496}.Debug|Any CPU.Build.0 = Debug|Any CPU
		{2C21F0BB-90C6-4DB2-905D-0179F524F496}.Release|Any CPU.ActiveCfg = Release|Any CPU
		{2C21F0BB-90C6-4DB2-905D-0179F524F496}.Release|Any CPU.Build.0 = Release|Any CPU
		{CDFAB697-063B-4112-8FDE-345BAD8F8393}.Debug|Any CPU.ActiveCfg = Debug|Any CPU
		{CDFAB697-063B-4112-8FDE-345BAD8F8393}.Debug|Any CPU.Build.0 = Debug|Any CPU
		{CDFAB697-063B-4112-8FDE-345BAD8F8393}.Release|Any CPU.ActiveCfg = Release|Any CPU
		{CDFAB697-063B-4112-8FDE-345BAD8F8393}.Release|Any CPU.Build.0 = Release|Any CPU
	EndGlobalSection
	GlobalSection(SolutionProperties) = preSolution
		HideSolutionNode = FALSE
	EndGlobalSection
	GlobalSection(ExtensibilityGlobals) = postSolution
		SolutionGuid = {E6C87454-E71E-4DF4-AF56-284C265F06F3}
	EndGlobalSection
EndGlobal
